// !$*UTF8*$!
{
	archiveVersion = 1;
	classes = {
	};
	objectVersion = 50;
	objects = {

/* Begin PBXBuildFile section */
		A0039F702531BAF00059B1B9 /* Color.swift in Sources */ = {isa = PBXBuildFile; fileRef = A0039F6F2531BAF00059B1B9 /* Color.swift */; };
		A01241CD252BBA5E0060280B /* presentation.framework in Frameworks */ = {isa = PBXBuildFile; fileRef = A01241CB252BBA580060280B /* presentation.framework */; };
		A01241CE252BBA5E0060280B /* presentation.framework in Embed Frameworks */ = {isa = PBXBuildFile; fileRef = A01241CB252BBA580060280B /* presentation.framework */; settings = {ATTRIBUTES = (CodeSignOnCopy, RemoveHeadersOnCopy, ); }; };
		A01241D2252CFF580060280B /* ImageLoader.swift in Sources */ = {isa = PBXBuildFile; fileRef = A01241D1252CFF580060280B /* ImageLoader.swift */; };
		A01241D5252CFFC10060280B /* AsyncImage.swift in Sources */ = {isa = PBXBuildFile; fileRef = A01241D4252CFFC10060280B /* AsyncImage.swift */; };
		A06B921B24B09F78000821D6 /* AppDelegate.swift in Sources */ = {isa = PBXBuildFile; fileRef = A06B921A24B09F78000821D6 /* AppDelegate.swift */; };
		A06B921D24B09F78000821D6 /* SceneDelegate.swift in Sources */ = {isa = PBXBuildFile; fileRef = A06B921C24B09F78000821D6 /* SceneDelegate.swift */; };
		A06B921F24B09F78000821D6 /* ContentView.swift in Sources */ = {isa = PBXBuildFile; fileRef = A06B921E24B09F78000821D6 /* ContentView.swift */; };
		A06B922124B09F80000821D6 /* Assets.xcassets in Resources */ = {isa = PBXBuildFile; fileRef = A06B922024B09F80000821D6 /* Assets.xcassets */; };
		A06B922424B09F80000821D6 /* Preview Assets.xcassets in Resources */ = {isa = PBXBuildFile; fileRef = A06B922324B09F80000821D6 /* Preview Assets.xcassets */; };
		A06B922724B09F80000821D6 /* LaunchScreen.storyboard in Resources */ = {isa = PBXBuildFile; fileRef = A06B922524B09F80000821D6 /* LaunchScreen.storyboard */; };
/* End PBXBuildFile section */

/* Begin PBXCopyFilesBuildPhase section */
		A01241CF252BBA5E0060280B /* Embed Frameworks */ = {
			isa = PBXCopyFilesBuildPhase;
			buildActionMask = 2147483647;
			dstPath = "";
			dstSubfolderSpec = 10;
			files = (
				A01241CE252BBA5E0060280B /* presentation.framework in Embed Frameworks */,
			);
			name = "Embed Frameworks";
			runOnlyForDeploymentPostprocessing = 0;
		};
/* End PBXCopyFilesBuildPhase section */

/* Begin PBXFileReference section */
		A0039F6F2531BAF00059B1B9 /* Color.swift */ = {isa = PBXFileReference; lastKnownFileType = sourcecode.swift; path = Color.swift; sourceTree = "<group>"; };
		A01241CB252BBA580060280B /* presentation.framework */ = {isa = PBXFileReference; lastKnownFileType = wrapper.framework; name = presentation.framework; path = "../../presentation/build/xcode-frameworks/presentation.framework"; sourceTree = "<group>"; };
		A01241D1252CFF580060280B /* ImageLoader.swift */ = {isa = PBXFileReference; lastKnownFileType = sourcecode.swift; path = ImageLoader.swift; sourceTree = "<group>"; };
		A01241D4252CFFC10060280B /* AsyncImage.swift */ = {isa = PBXFileReference; lastKnownFileType = sourcecode.swift; path = AsyncImage.swift; sourceTree = "<group>"; };
		A06B921724B09F78000821D6 /* DEV.app */ = {isa = PBXFileReference; explicitFileType = wrapper.application; includeInIndex = 0; path = DEV.app; sourceTree = BUILT_PRODUCTS_DIR; };
		A06B921A24B09F78000821D6 /* AppDelegate.swift */ = {isa = PBXFileReference; lastKnownFileType = sourcecode.swift; path = AppDelegate.swift; sourceTree = "<group>"; };
		A06B921C24B09F78000821D6 /* SceneDelegate.swift */ = {isa = PBXFileReference; lastKnownFileType = sourcecode.swift; path = SceneDelegate.swift; sourceTree = "<group>"; };
		A06B921E24B09F78000821D6 /* ContentView.swift */ = {isa = PBXFileReference; lastKnownFileType = sourcecode.swift; path = ContentView.swift; sourceTree = "<group>"; };
		A06B922024B09F80000821D6 /* Assets.xcassets */ = {isa = PBXFileReference; lastKnownFileType = folder.assetcatalog; path = Assets.xcassets; sourceTree = "<group>"; };
		A06B922324B09F80000821D6 /* Preview Assets.xcassets */ = {isa = PBXFileReference; lastKnownFileType = folder.assetcatalog; path = "Preview Assets.xcassets"; sourceTree = "<group>"; };
		A06B922624B09F80000821D6 /* Base */ = {isa = PBXFileReference; lastKnownFileType = file.storyboard; name = Base; path = Base.lproj/LaunchScreen.storyboard; sourceTree = "<group>"; };
		A06B922824B09F80000821D6 /* Info.plist */ = {isa = PBXFileReference; lastKnownFileType = text.plist.xml; path = Info.plist; sourceTree = "<group>"; };
		A06B922F24B0A067000821D6 /* data.framework */ = {isa = PBXFileReference; lastKnownFileType = wrapper.framework; name = data.framework; path = ../../data/build/bin/ios/debugFramework/data.framework; sourceTree = "<group>"; };
		A06B923124B0A1C7000821D6 /* data.framework */ = {isa = PBXFileReference; lastKnownFileType = wrapper.framework; name = data.framework; path = "../../data/build/xcode-frameworks/data.framework"; sourceTree = "<group>"; };
		A0F1616A24E17FF7001092D5 /* DEV-Bridging-Header.h */ = {isa = PBXFileReference; fileEncoding = 4; lastKnownFileType = sourcecode.c.h; path = "DEV-Bridging-Header.h"; sourceTree = "<group>"; };
/* End PBXFileReference section */

/* Begin PBXFrameworksBuildPhase section */
		A06B921424B09F77000821D6 /* Frameworks */ = {
			isa = PBXFrameworksBuildPhase;
			buildActionMask = 2147483647;
			files = (
				A01241CD252BBA5E0060280B /* presentation.framework in Frameworks */,
			);
			runOnlyForDeploymentPostprocessing = 0;
		};
/* End PBXFrameworksBuildPhase section */

/* Begin PBXGroup section */
		A0039F6E2531BADC0059B1B9 /* Extensions */ = {
			isa = PBXGroup;
			children = (
				A0039F6F2531BAF00059B1B9 /* Color.swift */,
			);
			path = Extensions;
			sourceTree = "<group>";
		};
		A01241D0252CFF4A0060280B /* AsyncImage */ = {
			isa = PBXGroup;
			children = (
				A01241D1252CFF580060280B /* ImageLoader.swift */,
				A01241D4252CFFC10060280B /* AsyncImage.swift */,
			);
			path = AsyncImage;
			sourceTree = "<group>";
		};
		A06B920E24B09F77000821D6 = {
			isa = PBXGroup;
			children = (
				A06B921924B09F78000821D6 /* DEV */,
				A06B921824B09F78000821D6 /* Products */,
				A06B922E24B0A067000821D6 /* Frameworks */,
			);
			sourceTree = "<group>";
		};
		A06B921824B09F78000821D6 /* Products */ = {
			isa = PBXGroup;
			children = (
				A06B921724B09F78000821D6 /* DEV.app */,
			);
			name = Products;
			sourceTree = "<group>";
		};
		A06B921924B09F78000821D6 /* DEV */ = {
			isa = PBXGroup;
			children = (
				A0039F6E2531BADC0059B1B9 /* Extensions */,
				A01241D0252CFF4A0060280B /* AsyncImage */,
				A0F1616A24E17FF7001092D5 /* DEV-Bridging-Header.h */,
				A06B921A24B09F78000821D6 /* AppDelegate.swift */,
				A06B921C24B09F78000821D6 /* SceneDelegate.swift */,
				A06B921E24B09F78000821D6 /* ContentView.swift */,
				A06B922024B09F80000821D6 /* Assets.xcassets */,
				A06B922524B09F80000821D6 /* LaunchScreen.storyboard */,
				A06B922824B09F80000821D6 /* Info.plist */,
				A06B922224B09F80000821D6 /* Preview Content */,
			);
			path = DEV;
			sourceTree = "<group>";
		};
		A06B922224B09F80000821D6 /* Preview Content */ = {
			isa = PBXGroup;
			children = (
				A06B922324B09F80000821D6 /* Preview Assets.xcassets */,
			);
			path = "Preview Content";
			sourceTree = "<group>";
		};
		A06B922E24B0A067000821D6 /* Frameworks */ = {
			isa = PBXGroup;
			children = (
				A01241CB252BBA580060280B /* presentation.framework */,
				A06B923124B0A1C7000821D6 /* data.framework */,
				A06B922F24B0A067000821D6 /* data.framework */,
			);
			name = Frameworks;
			sourceTree = "<group>";
		};
/* End PBXGroup section */

/* Begin PBXNativeTarget section */
		A06B921624B09F77000821D6 /* DEV */ = {
			isa = PBXNativeTarget;
			buildConfigurationList = A06B922B24B09F80000821D6 /* Build configuration list for PBXNativeTarget "DEV" */;
			buildPhases = (
				A06B923324B0A1F7000821D6 /* ShellScript */,
				A06B921324B09F77000821D6 /* Sources */,
				A06B921424B09F77000821D6 /* Frameworks */,
				A06B921524B09F77000821D6 /* Resources */,
				A01241CF252BBA5E0060280B /* Embed Frameworks */,
			);
			buildRules = (
			);
			dependencies = (
			);
			name = DEV;
			productName = DEV;
			productReference = A06B921724B09F78000821D6 /* DEV.app */;
			productType = "com.apple.product-type.application";
		};
/* End PBXNativeTarget section */

/* Begin PBXProject section */
		A06B920F24B09F77000821D6 /* Project object */ = {
			isa = PBXProject;
			attributes = {
				LastSwiftUpdateCheck = 1150;
				LastUpgradeCheck = 1200;
				ORGANIZATIONNAME = "Amr Yousef";
				TargetAttributes = {
					A06B921624B09F77000821D6 = {
						CreatedOnToolsVersion = 11.5;
						LastSwiftMigration = 1200;
					};
				};
			};
			buildConfigurationList = A06B921224B09F77000821D6 /* Build configuration list for PBXProject "DEV" */;
			compatibilityVersion = "Xcode 9.3";
			developmentRegion = en;
			hasScannedForEncodings = 0;
			knownRegions = (
				en,
				Base,
			);
			mainGroup = A06B920E24B09F77000821D6;
			productRefGroup = A06B921824B09F78000821D6 /* Products */;
			projectDirPath = "";
			projectRoot = "";
			targets = (
				A06B921624B09F77000821D6 /* DEV */,
			);
		};
/* End PBXProject section */

/* Begin PBXResourcesBuildPhase section */
		A06B921524B09F77000821D6 /* Resources */ = {
			isa = PBXResourcesBuildPhase;
			buildActionMask = 2147483647;
			files = (
				A06B922724B09F80000821D6 /* LaunchScreen.storyboard in Resources */,
				A06B922424B09F80000821D6 /* Preview Assets.xcassets in Resources */,
				A06B922124B09F80000821D6 /* Assets.xcassets in Resources */,
			);
			runOnlyForDeploymentPostprocessing = 0;
		};
/* End PBXResourcesBuildPhase section */

/* Begin PBXShellScriptBuildPhase section */
		A06B923324B0A1F7000821D6 /* ShellScript */ = {
			isa = PBXShellScriptBuildPhase;
			buildActionMask = 2147483647;
			files = (
			);
			inputFileListPaths = (
			);
			inputPaths = (
			);
			outputFileListPaths = (
			);
			outputPaths = (
			);
			runOnlyForDeploymentPostprocessing = 0;
			shellPath = /bin/sh;
			shellScript = "# Type a script or drag a script file from your workspace to insert its path.\ncd \"$SRCROOT/../../\"\n./gradlew :presentation:packForXCode -PXCODE_CONFIGURATION=${CONFIGURATION}\n";
		};
/* End PBXShellScriptBuildPhase section */

/* Begin PBXSourcesBuildPhase section */
		A06B921324B09F77000821D6 /* Sources */ = {
			isa = PBXSourcesBuildPhase;
			buildActionMask = 2147483647;
			files = (
				A01241D5252CFFC10060280B /* AsyncImage.swift in Sources */,
				A06B921B24B09F78000821D6 /* AppDelegate.swift in Sources */,
				A06B921D24B09F78000821D6 /* SceneDelegate.swift in Sources */,
				A01241D2252CFF580060280B /* ImageLoader.swift in Sources */,
				A06B921F24B09F78000821D6 /* ContentView.swift in Sources */,
				A0039F702531BAF00059B1B9 /* Color.swift in Sources */,
			);
			runOnlyForDeploymentPostprocessing = 0;
		};
/* End PBXSourcesBuildPhase section */

/* Begin PBXVariantGroup section */
		A06B922524B09F80000821D6 /* LaunchScreen.storyboard */ = {
			isa = PBXVariantGroup;
			children = (
				A06B922624B09F80000821D6 /* Base */,
			);
			name = LaunchScreen.storyboard;
			sourceTree = "<group>";
		};
/* End PBXVariantGroup section */

/* Begin XCBuildConfiguration section */
		A06B922924B09F80000821D6 /* Debug */ = {
			isa = XCBuildConfiguration;
			buildSettings = {
				ALWAYS_SEARCH_USER_PATHS = NO;
				CLANG_ANALYZER_NONNULL = YES;
				CLANG_ANALYZER_NUMBER_OBJECT_CONVERSION = YES_AGGRESSIVE;
				CLANG_CXX_LANGUAGE_STANDARD = "gnu++14";
				CLANG_CXX_LIBRARY = "libc++";
				CLANG_ENABLE_MODULES = YES;
				CLANG_ENABLE_OBJC_ARC = YES;
				CLANG_ENABLE_OBJC_WEAK = YES;
				CLANG_WARN_BLOCK_CAPTURE_AUTORELEASING = YES;
				CLANG_WARN_BOOL_CONVERSION = YES;
				CLANG_WARN_COMMA = YES;
				CLANG_WARN_CONSTANT_CONVERSION = YES;
				CLANG_WARN_DEPRECATED_OBJC_IMPLEMENTATIONS = YES;
				CLANG_WARN_DIRECT_OBJC_ISA_USAGE = YES_ERROR;
				CLANG_WARN_DOCUMENTATION_COMMENTS = YES;
				CLANG_WARN_EMPTY_BODY = YES;
				CLANG_WARN_ENUM_CONVERSION = YES;
				CLANG_WARN_INFINITE_RECURSION = YES;
				CLANG_WARN_INT_CONVERSION = YES;
				CLANG_WARN_NON_LITERAL_NULL_CONVERSION = YES;
				CLANG_WARN_OBJC_IMPLICIT_RETAIN_SELF = YES;
				CLANG_WARN_OBJC_LITERAL_CONVERSION = YES;
				CLANG_WARN_OBJC_ROOT_CLASS = YES_ERROR;
				CLANG_WARN_QUOTED_INCLUDE_IN_FRAMEWORK_HEADER = YES;
				CLANG_WARN_RANGE_LOOP_ANALYSIS = YES;
				CLANG_WARN_STRICT_PROTOTYPES = YES;
				CLANG_WARN_SUSPICIOUS_MOVE = YES;
				CLANG_WARN_UNGUARDED_AVAILABILITY = YES_AGGRESSIVE;
				CLANG_WARN_UNREACHABLE_CODE = YES;
				CLANG_WARN__DUPLICATE_METHOD_MATCH = YES;
				COPY_PHASE_STRIP = NO;
				DEBUG_INFORMATION_FORMAT = dwarf;
				ENABLE_STRICT_OBJC_MSGSEND = YES;
				ENABLE_TESTABILITY = YES;
				GCC_C_LANGUAGE_STANDARD = gnu11;
				GCC_DYNAMIC_NO_PIC = NO;
				GCC_NO_COMMON_BLOCKS = YES;
				GCC_OPTIMIZATION_LEVEL = 0;
				GCC_PREPROCESSOR_DEFINITIONS = (
					"DEBUG=1",
					"$(inherited)",
				);
				GCC_WARN_64_TO_32_BIT_CONVERSION = YES;
				GCC_WARN_ABOUT_RETURN_TYPE = YES_ERROR;
				GCC_WARN_UNDECLARED_SELECTOR = YES;
				GCC_WARN_UNINITIALIZED_AUTOS = YES_AGGRESSIVE;
				GCC_WARN_UNUSED_FUNCTION = YES;
				GCC_WARN_UNUSED_VARIABLE = YES;
				IPHONEOS_DEPLOYMENT_TARGET = 14.0;
				MTL_ENABLE_DEBUG_INFO = INCLUDE_SOURCE;
				MTL_FAST_MATH = YES;
				ONLY_ACTIVE_ARCH = YES;
				SDKROOT = iphoneos;
				SWIFT_ACTIVE_COMPILATION_CONDITIONS = DEBUG;
				SWIFT_OPTIMIZATION_LEVEL = "-Onone";
			};
			name = Debug;
		};
		A06B922A24B09F80000821D6 /* Release */ = {
			isa = XCBuildConfiguration;
			buildSettings = {
				ALWAYS_SEARCH_USER_PATHS = NO;
				CLANG_ANALYZER_NONNULL = YES;
				CLANG_ANALYZER_NUMBER_OBJECT_CONVERSION = YES_AGGRESSIVE;
				CLANG_CXX_LANGUAGE_STANDARD = "gnu++14";
				CLANG_CXX_LIBRARY = "libc++";
				CLANG_ENABLE_MODULES = YES;
				CLANG_ENABLE_OBJC_ARC = YES;
				CLANG_ENABLE_OBJC_WEAK = YES;
				CLANG_WARN_BLOCK_CAPTURE_AUTORELEASING = YES;
				CLANG_WARN_BOOL_CONVERSION = YES;
				CLANG_WARN_COMMA = YES;
				CLANG_WARN_CONSTANT_CONVERSION = YES;
				CLANG_WARN_DEPRECATED_OBJC_IMPLEMENTATIONS = YES;
				CLANG_WARN_DIRECT_OBJC_ISA_USAGE = YES_ERROR;
				CLANG_WARN_DOCUMENTATION_COMMENTS = YES;
				CLANG_WARN_EMPTY_BODY = YES;
				CLANG_WARN_ENUM_CONVERSION = YES;
				CLANG_WARN_INFINITE_RECURSION = YES;
				CLANG_WARN_INT_CONVERSION = YES;
				CLANG_WARN_NON_LITERAL_NULL_CONVERSION = YES;
				CLANG_WARN_OBJC_IMPLICIT_RETAIN_SELF = YES;
				CLANG_WARN_OBJC_LITERAL_CONVERSION = YES;
				CLANG_WARN_OBJC_ROOT_CLASS = YES_ERROR;
				CLANG_WARN_QUOTED_INCLUDE_IN_FRAMEWORK_HEADER = YES;
				CLANG_WARN_RANGE_LOOP_ANALYSIS = YES;
				CLANG_WARN_STRICT_PROTOTYPES = YES;
				CLANG_WARN_SUSPICIOUS_MOVE = YES;
				CLANG_WARN_UNGUARDED_AVAILABILITY = YES_AGGRESSIVE;
				CLANG_WARN_UNREACHABLE_CODE = YES;
				CLANG_WARN__DUPLICATE_METHOD_MATCH = YES;
				COPY_PHASE_STRIP = NO;
				DEBUG_INFORMATION_FORMAT = "dwarf-with-dsym";
				ENABLE_NS_ASSERTIONS = NO;
				ENABLE_STRICT_OBJC_MSGSEND = YES;
				GCC_C_LANGUAGE_STANDARD = gnu11;
				GCC_NO_COMMON_BLOCKS = YES;
				GCC_WARN_64_TO_32_BIT_CONVERSION = YES;
				GCC_WARN_ABOUT_RETURN_TYPE = YES_ERROR;
				GCC_WARN_UNDECLARED_SELECTOR = YES;
				GCC_WARN_UNINITIALIZED_AUTOS = YES_AGGRESSIVE;
				GCC_WARN_UNUSED_FUNCTION = YES;
				GCC_WARN_UNUSED_VARIABLE = YES;
				IPHONEOS_DEPLOYMENT_TARGET = 14.0;
				MTL_ENABLE_DEBUG_INFO = NO;
				MTL_FAST_MATH = YES;
				SDKROOT = iphoneos;
				SWIFT_COMPILATION_MODE = wholemodule;
				SWIFT_OPTIMIZATION_LEVEL = "-O";
				VALIDATE_PRODUCT = YES;
			};
			name = Release;
		};
		A06B922C24B09F80000821D6 /* Debug */ = {
			isa = XCBuildConfiguration;
			buildSettings = {
				ASSETCATALOG_COMPILER_APPICON_NAME = AppIcon;
				CLANG_ENABLE_MODULES = YES;
				CODE_SIGN_STYLE = Automatic;
				DEVELOPMENT_ASSET_PATHS = "\"DEV/Preview Content\"";
				DEVELOPMENT_TEAM = P8C49CPC4X;
				ENABLE_PREVIEWS = YES;
				FRAMEWORK_SEARCH_PATHS = "$(SRCROOT)/../../presentation/build/xcode-frameworks";
				INFOPLIST_FILE = DEV/Info.plist;
				IPHONEOS_DEPLOYMENT_TARGET = 14.0;
				LD_RUNPATH_SEARCH_PATHS = (
					"$(inherited)",
					"@executable_path/Frameworks",
					"@loader_path/Frameworks",
				);
				PRODUCT_BUNDLE_IDENTIFIER = me.amryousef.DEV;
				PRODUCT_NAME = "$(TARGET_NAME)";
				SWIFT_OBJC_BRIDGING_HEADER = "DEV/DEV-Bridging-Header.h";
				SWIFT_OPTIMIZATION_LEVEL = "-Onone";
				SWIFT_VERSION = 5.0;
				TARGETED_DEVICE_FAMILY = "1,2";
			};
			name = Debug;
		};
		A06B922D24B09F80000821D6 /* Release */ = {
			isa = XCBuildConfiguration;
			buildSettings = {
				ASSETCATALOG_COMPILER_APPICON_NAME = AppIcon;
				CLANG_ENABLE_MODULES = YES;
				CODE_SIGN_STYLE = Automatic;
				DEVELOPMENT_ASSET_PATHS = "\"DEV/Preview Content\"";
				DEVELOPMENT_TEAM = P8C49CPC4X;
				ENABLE_PREVIEWS = YES;
				FRAMEWORK_SEARCH_PATHS = "$(SRCROOT)/../../presentation/build/xcode-frameworks";
				INFOPLIST_FILE = DEV/Info.plist;
				IPHONEOS_DEPLOYMENT_TARGET = 14.0;
				LD_RUNPATH_SEARCH_PATHS = (
					"$(inherited)",
					"@executable_path/Frameworks",
					"@loader_path/Frameworks",
				);
				PRODUCT_BUNDLE_IDENTIFIER = me.amryousef.DEV;
				PRODUCT_NAME = "$(TARGET_NAME)";
				SWIFT_OBJC_BRIDGING_HEADER = "DEV/DEV-Bridging-Header.h";
				SWIFT_VERSION = 5.0;
				TARGETED_DEVICE_FAMILY = "1,2";
			};
			name = Release;
		};
/* End XCBuildConfiguration section */

/* Begin XCConfigurationList section */
		A06B921224B09F77000821D6 /* Build configuration list for PBXProject "DEV" */ = {
			isa = XCConfigurationList;
			buildConfigurations = (
				A06B922924B09F80000821D6 /* Debug */,
				A06B922A24B09F80000821D6 /* Release */,
			);
			defaultConfigurationIsVisible = 0;
			defaultConfigurationName = Release;
		};
		A06B922B24B09F80000821D6 /* Build configuration list for PBXNativeTarget "DEV" */ = {
			isa = XCConfigurationList;
			buildConfigurations = (
				A06B922C24B09F80000821D6 /* Debug */,
				A06B922D24B09F80000821D6 /* Release */,
			);
			defaultConfigurationIsVisible = 0;
			defaultConfigurationName = Release;
		};
/* End XCConfigurationList section */
	};
	rootObject = A06B920F24B09F77000821D6 /* Project object */;
}
